{
  "name": "wtw-im-jest",
  "version": "1.0.0",
  "lockfileVersion": 1,
  "requires": true,
  "dependencies": {
    "jest-teamcity-reporter": {
      "version": "0.7.0",
      "resolved": "https://registry.npmjs.org/jest-teamcity-reporter/-/jest-teamcity-reporter-0.7.0.tgz",
      "integrity": "sha512-ndnIzveDv684XSBklNUaBVKZkFzFpS/Nm3rRujKIi+Q3s2elS+TwE9bgXqXPNeeFl8sAtwxwfL7RLBlas9D96w==",
      "dev": true
    }
  }
}
